{
  "name": "esme_frontend",
  "version": "1.0.0",
  "lockfileVersion": 2,
  "requires": true,
  "packages": {
    "": {
      "name": "esme_frontend",
      "version": "1.0.0",
      "license": "ISC",
      "workspaces": [
        "packages/common",
        "services/participant"
      ]
    },
    "node_modules/@esme_frontend/common": {
      "resolved": "packages/common",
      "link": true
    },
    "node_modules/@esme_frontend/participant": {
      "resolved": "services/participant",
      "link": true
    },
    "packages/common": {
      "name": "@esme_frontend/common",
      "version": "1.0.0",
      "license": "ISC"
    },
    "services/participant": {
      "name": "@esme_frontend/participant",
      "version": "1.0.0",
      "license": "ISC",
      "dependencies": {
        "@esme_frontend/common": "^1.0.0"
      }
    }
  },
  "dependencies": {
    "@esme_frontend/common": {
      "version": "file:packages/common"
    },
    "@esme_frontend/participant": {
      "version": "file:services/participant",
      "requires": {
        "@esme_frontend/common": "^1.0.0"
      }
    }
  }
}
